
Microsoft Visual Studio Solution File, Format Version 12.00
# Visual Studio Version 17
VisualStudioVersion = 17.8.34511.84
MinimumVisualStudioVersion = 10.0.40219.1
Project("{8BC9CEB8-8B4A-11D0-8D11-00A0C91BC942}") = "Lab08_E_Bai3", "Lab08_E_Bai3.vcxproj", "{A175D84F-2915-4DF8-9F89-46E1D7D3A399}"
EndProject
Global
	GlobalSection(SolutionConfigurationPlatforms) = preSolution
		Debug|x64 = Debug|x64
		Debug|x86 = Debug|x86
		Release|x64 = Release|x64
		Release|x86 = Release|x86
	EndGlobalSection
	GlobalSection(ProjectConfigurationPlatforms) = postSolution
		{A175D84F-2915-4DF8-9F89-46E1D7D3A399}.Debug|x64.ActiveCfg = Debug|x64
		{A175D84F-2915-4DF8-9F89-46E1D7D3A399}.Debug|x64.Build.0 = Debug|x64
		{A175D84F-2915-4DF8-9F89-46E1D7D3A399}.Debug|x86.ActiveCfg = Debug|Win32
		{A175D84F-2915-4DF8-9F89-46E1D7D3A399}.Debug|x86.Build.0 = Debug|Win32
		{A175D84F-2915-4DF8-9F89-46E1D7D3A399}.Release|x64.ActiveCfg = Release|x64
		{A175D84F-2915-4DF8-9F89-46E1D7D3A399}.Release|x64.Build.0 = Release|x64
		{A175D84F-2915-4DF8-9F89-46E1D7D3A399}.Release|x86.ActiveCfg = Release|Win32
		{A175D84F-2915-4DF8-9F89-46E1D7D3A399}.Release|x86.Build.0 = Release|Win32
	EndGlobalSection
	GlobalSection(SolutionProperties) = preSolution
		HideSolutionNode = FALSE
	EndGlobalSection
	GlobalSection(ExtensibilityGlobals) = postSolution
		SolutionGuid = {727349CD-343E-4FB9-88A4-908DE5853FA0}
	EndGlobalSection
EndGlobal
