
Microsoft Visual Studio Solution File, Format Version 12.00
# Visual Studio Version 17
VisualStudioVersion = 17.7.34018.315
MinimumVisualStudioVersion = 10.0.40219.1
Project("{8BC9CEB8-8B4A-11D0-8D11-00A0C91BC942}") = "Lab03_Bai2_HamLuongGiac-HamSoMu", "Lab03_Bai2_HamLuongGiac-HamSoMu\Lab03_Bai2_HamLuongGiac-HamSoMu.vcxproj", "{26230033-589C-4E25-92CA-F85305A8D356}"
EndProject
Global
	GlobalSection(SolutionConfigurationPlatforms) = preSolution
		Debug|x64 = Debug|x64
		Debug|x86 = Debug|x86
		Release|x64 = Release|x64
		Release|x86 = Release|x86
	EndGlobalSection
	GlobalSection(ProjectConfigurationPlatforms) = postSolution
		{26230033-589C-4E25-92CA-F85305A8D356}.Debug|x64.ActiveCfg = Debug|x64
		{26230033-589C-4E25-92CA-F85305A8D356}.Debug|x64.Build.0 = Debug|x64
		{26230033-589C-4E25-92CA-F85305A8D356}.Debug|x86.ActiveCfg = Debug|Win32
		{26230033-589C-4E25-92CA-F85305A8D356}.Debug|x86.Build.0 = Debug|Win32
		{26230033-589C-4E25-92CA-F85305A8D356}.Release|x64.ActiveCfg = Release|x64
		{26230033-589C-4E25-92CA-F85305A8D356}.Release|x64.Build.0 = Release|x64
		{26230033-589C-4E25-92CA-F85305A8D356}.Release|x86.ActiveCfg = Release|Win32
		{26230033-589C-4E25-92CA-F85305A8D356}.Release|x86.Build.0 = Release|Win32
	EndGlobalSection
	GlobalSection(SolutionProperties) = preSolution
		HideSolutionNode = FALSE
	EndGlobalSection
	GlobalSection(ExtensibilityGlobals) = postSolution
		SolutionGuid = {9B9B210E-8317-4AAD-87ED-B58B4EB7C73D}
	EndGlobalSection
EndGlobal
