
Microsoft Visual Studio Solution File, Format Version 12.00
# Visual Studio Version 17
VisualStudioVersion = 17.8.34511.84
MinimumVisualStudioVersion = 10.0.40219.1
Project("{8BC9CEB8-8B4A-11D0-8D11-00A0C91BC942}") = "Lab09_E_Bai1", "Lab09_E_Bai1.vcxproj", "{6E9FB9AC-75ED-4F75-801C-8354C36A03E6}"
EndProject
Global
	GlobalSection(SolutionConfigurationPlatforms) = preSolution
		Debug|x64 = Debug|x64
		Debug|x86 = Debug|x86
		Release|x64 = Release|x64
		Release|x86 = Release|x86
	EndGlobalSection
	GlobalSection(ProjectConfigurationPlatforms) = postSolution
		{6E9FB9AC-75ED-4F75-801C-8354C36A03E6}.Debug|x64.ActiveCfg = Debug|x64
		{6E9FB9AC-75ED-4F75-801C-8354C36A03E6}.Debug|x64.Build.0 = Debug|x64
		{6E9FB9AC-75ED-4F75-801C-8354C36A03E6}.Debug|x86.ActiveCfg = Debug|Win32
		{6E9FB9AC-75ED-4F75-801C-8354C36A03E6}.Debug|x86.Build.0 = Debug|Win32
		{6E9FB9AC-75ED-4F75-801C-8354C36A03E6}.Release|x64.ActiveCfg = Release|x64
		{6E9FB9AC-75ED-4F75-801C-8354C36A03E6}.Release|x64.Build.0 = Release|x64
		{6E9FB9AC-75ED-4F75-801C-8354C36A03E6}.Release|x86.ActiveCfg = Release|Win32
		{6E9FB9AC-75ED-4F75-801C-8354C36A03E6}.Release|x86.Build.0 = Release|Win32
	EndGlobalSection
	GlobalSection(SolutionProperties) = preSolution
		HideSolutionNode = FALSE
	EndGlobalSection
	GlobalSection(ExtensibilityGlobals) = postSolution
		SolutionGuid = {729E992A-0926-4F23-BB9A-F7F19C6C891D}
	EndGlobalSection
EndGlobal
