
Microsoft Visual Studio Solution File, Format Version 12.00
# Visual Studio Version 17
VisualStudioVersion = 17.7.34018.315
MinimumVisualStudioVersion = 10.0.40219.1
Project("{8BC9CEB8-8B4A-11D0-8D11-00A0C91BC942}") = "Lab08_D_Bai2", "Lab08_D_Bai2\Lab08_D_Bai2.vcxproj", "{93F68DB3-EE93-4686-9A9A-844F15204A9F}"
EndProject
Global
	GlobalSection(SolutionConfigurationPlatforms) = preSolution
		Debug|x64 = Debug|x64
		Debug|x86 = Debug|x86
		Release|x64 = Release|x64
		Release|x86 = Release|x86
	EndGlobalSection
	GlobalSection(ProjectConfigurationPlatforms) = postSolution
		{93F68DB3-EE93-4686-9A9A-844F15204A9F}.Debug|x64.ActiveCfg = Debug|x64
		{93F68DB3-EE93-4686-9A9A-844F15204A9F}.Debug|x64.Build.0 = Debug|x64
		{93F68DB3-EE93-4686-9A9A-844F15204A9F}.Debug|x86.ActiveCfg = Debug|Win32
		{93F68DB3-EE93-4686-9A9A-844F15204A9F}.Debug|x86.Build.0 = Debug|Win32
		{93F68DB3-EE93-4686-9A9A-844F15204A9F}.Release|x64.ActiveCfg = Release|x64
		{93F68DB3-EE93-4686-9A9A-844F15204A9F}.Release|x64.Build.0 = Release|x64
		{93F68DB3-EE93-4686-9A9A-844F15204A9F}.Release|x86.ActiveCfg = Release|Win32
		{93F68DB3-EE93-4686-9A9A-844F15204A9F}.Release|x86.Build.0 = Release|Win32
	EndGlobalSection
	GlobalSection(SolutionProperties) = preSolution
		HideSolutionNode = FALSE
	EndGlobalSection
	GlobalSection(ExtensibilityGlobals) = postSolution
		SolutionGuid = {DBEFA49B-E956-410A-8B24-186F8DBDF443}
	EndGlobalSection
EndGlobal
