
Microsoft Visual Studio Solution File, Format Version 12.00
# Visual Studio Version 17
VisualStudioVersion = 17.10.34916.146
MinimumVisualStudioVersion = 10.0.40219.1
Project("{8BC9CEB8-8B4A-11D0-8D11-00A0C91BC942}") = "Lab09_F_Bai1", "Lab09_F_Bai1.vcxproj", "{361F1E39-190E-4E1B-B29A-BE38F404E1AF}"
EndProject
Global
	GlobalSection(SolutionConfigurationPlatforms) = preSolution
		Debug|x64 = Debug|x64
		Debug|x86 = Debug|x86
		Release|x64 = Release|x64
		Release|x86 = Release|x86
	EndGlobalSection
	GlobalSection(ProjectConfigurationPlatforms) = postSolution
		{361F1E39-190E-4E1B-B29A-BE38F404E1AF}.Debug|x64.ActiveCfg = Debug|x64
		{361F1E39-190E-4E1B-B29A-BE38F404E1AF}.Debug|x64.Build.0 = Debug|x64
		{361F1E39-190E-4E1B-B29A-BE38F404E1AF}.Debug|x86.ActiveCfg = Debug|Win32
		{361F1E39-190E-4E1B-B29A-BE38F404E1AF}.Debug|x86.Build.0 = Debug|Win32
		{361F1E39-190E-4E1B-B29A-BE38F404E1AF}.Release|x64.ActiveCfg = Release|x64
		{361F1E39-190E-4E1B-B29A-BE38F404E1AF}.Release|x64.Build.0 = Release|x64
		{361F1E39-190E-4E1B-B29A-BE38F404E1AF}.Release|x86.ActiveCfg = Release|Win32
		{361F1E39-190E-4E1B-B29A-BE38F404E1AF}.Release|x86.Build.0 = Release|Win32
	EndGlobalSection
	GlobalSection(SolutionProperties) = preSolution
		HideSolutionNode = FALSE
	EndGlobalSection
	GlobalSection(ExtensibilityGlobals) = postSolution
		SolutionGuid = {29AC0847-9846-492B-B31B-BC165208FFA4}
	EndGlobalSection
EndGlobal
