
Microsoft Visual Studio Solution File, Format Version 12.00
# Visual Studio Version 17
VisualStudioVersion = 17.1.32421.90
MinimumVisualStudioVersion = 10.0.40219.1
Project("{8BC9CEB8-8B4A-11D0-8D11-00A0C91BC942}") = "Lab01_Bai09_HinhThangCan", "Lab01_Bai09_HinhThangCan\Lab01_Bai09_HinhThangCan.vcxproj", "{057AD4DB-1021-45CC-861C-06575664E2D8}"
EndProject
Global
	GlobalSection(SolutionConfigurationPlatforms) = preSolution
		Debug|x64 = Debug|x64
		Debug|x86 = Debug|x86
		Release|x64 = Release|x64
		Release|x86 = Release|x86
	EndGlobalSection
	GlobalSection(ProjectConfigurationPlatforms) = postSolution
		{057AD4DB-1021-45CC-861C-06575664E2D8}.Debug|x64.ActiveCfg = Debug|x64
		{057AD4DB-1021-45CC-861C-06575664E2D8}.Debug|x64.Build.0 = Debug|x64
		{057AD4DB-1021-45CC-861C-06575664E2D8}.Debug|x86.ActiveCfg = Debug|Win32
		{057AD4DB-1021-45CC-861C-06575664E2D8}.Debug|x86.Build.0 = Debug|Win32
		{057AD4DB-1021-45CC-861C-06575664E2D8}.Release|x64.ActiveCfg = Release|x64
		{057AD4DB-1021-45CC-861C-06575664E2D8}.Release|x64.Build.0 = Release|x64
		{057AD4DB-1021-45CC-861C-06575664E2D8}.Release|x86.ActiveCfg = Release|Win32
		{057AD4DB-1021-45CC-861C-06575664E2D8}.Release|x86.Build.0 = Release|Win32
	EndGlobalSection
	GlobalSection(SolutionProperties) = preSolution
		HideSolutionNode = FALSE
	EndGlobalSection
	GlobalSection(ExtensibilityGlobals) = postSolution
		SolutionGuid = {E496B3B2-3EA5-4C3A-A06E-953FC2F74310}
	EndGlobalSection
EndGlobal
